
Microsoft Visual Studio Solution File, Format Version 12.00
# Visual Studio Version 16
VisualStudioVersion = 16.0.34601.136
MinimumVisualStudioVersion = 10.0.40219.1
Project("{FAE04EC0-301F-11D3-BF4B-00C04F79EFBC}") = "Act5DosDimensiones", "Act5DosDimensiones\Act5DosDimensiones.csproj", "{46043208-C3E2-4DC5-A277-EB065823BF25}"
EndProject
Global
	GlobalSection(SolutionConfigurationPlatforms) = preSolution
		Debug|Any CPU = Debug|Any CPU
		Release|Any CPU = Release|Any CPU
	EndGlobalSection
	GlobalSection(ProjectConfigurationPlatforms) = postSolution
		{46043208-C3E2-4DC5-A277-EB065823BF25}.Debug|Any CPU.ActiveCfg = Debug|Any CPU
		{46043208-C3E2-4DC5-A277-EB065823BF25}.Debug|Any CPU.Build.0 = Debug|Any CPU
		{46043208-C3E2-4DC5-A277-EB065823BF25}.Release|Any CPU.ActiveCfg = Release|Any CPU
		{46043208-C3E2-4DC5-A277-EB065823BF25}.Release|Any CPU.Build.0 = Release|Any CPU
	EndGlobalSection
	GlobalSection(SolutionProperties) = preSolution
		HideSolutionNode = FALSE
	EndGlobalSection
	GlobalSection(ExtensibilityGlobals) = postSolution
		SolutionGuid = {EB746D05-FD58-4A8D-8ACD-050C318D3CEE}
	EndGlobalSection
EndGlobal
